schema: '2.0'
stages:
  data_preprocessing:
    cmd: python3 src/data_preprocessing.py
    deps:
    - path: src/data_preprocessing.py
      hash: md5
      md5: 9b40c2eb4570437927351028dbe54e02
      size: 3092
  train:
    cmd: python3 src/train.py
    deps:
    - path: src/train.py
      hash: md5
      md5: eadb40956856c175ff2ff1e659357f02
      size: 1571
    params:
      params.yaml:
        train:
          epochs: 70
          batch: 8
    outs:
    - path: models
      hash: md5
      md5: 9f42d2777bd199bf3959f967a70470f5.dir
      size: 68086695
      nfiles: 27
  evaluate:
    cmd: python3 src/evaluation.py
    deps:
    - path: models/
      hash: md5
      md5: 9f42d2777bd199bf3959f967a70470f5.dir
      size: 68086695
      nfiles: 27
    - path: src/evaluation.py
      hash: md5
      md5: 815c455e751209b9a2a3dba1b72c45e0
      size: 2963
    outs:
    - path: datasets/data/evaluation/metrics.json
      hash: md5
      md5: 27420ea7c085d5308158f6decaef6fc2
      size: 79
    - path: datasets/data/evaluation/plots/confusion_matrix.png
      hash: md5
      md5: b87215c78b1847d9cf0994f1b0ba4eee
      size: 113537
