schema: '2.0'
stages:
  data_preprocessing:
    cmd: python3 src/data_preprocessing.py
    deps:
    - path: src/data_preprocessing.py
      hash: md5
      md5: cb58c4d688f1822a7f934747a9904b2f
      size: 3696
  train:
    cmd: python3 src/train.py
    deps:
    - path: src/train.py
      hash: md5
      md5: 3700dd98b683f54e97177c938b9da8bc
      size: 1553
    params:
      params.yaml:
        train:
          epochs: 100
          batch: 8
    outs:
    - path: models
      hash: md5
      md5: a5d7b58ce74fc91226b6bbb2e460c5ae.dir
      size: 65495045
      nfiles: 24
  evaluate:
    cmd: python3 src/evaluation.py
    deps:
    - path: src/evaluation.py
      hash: md5
      md5: 4aaa4275c29878231d6af733588c0e04
      size: 2259
    outs:
    - path: datasets/data/evaluation/metrics.json
      hash: md5
      md5: 4f3568a467a91345181d6be258b18f90
      size: 77
